{
  "requires": true,
  "lockfileVersion": 1,
  "dependencies": {
    "smooth-scroll": {
      "version": "16.1.1",
      "resolved": "https://registry.npmjs.org/smooth-scroll/-/smooth-scroll-16.1.1.tgz",
      "integrity": "sha512-HjBehaqC7gf113z8dTiLKkWzgaVjzxnnNeUme37q0ijieB47bA5Z1LAubb11EY9hcHvsS/xzpN+kWF3eNEoifQ=="
    }
  }
}
